
Microsoft Visual Studio Solution File, Format Version 12.00
# Visual Studio Version 16
VisualStudioVersion = 16.0.31229.75
MinimumVisualStudioVersion = 10.0.40219.1
Project("{FAE04EC0-301F-11D3-BF4B-00C04F79EFBC}") = "ClothBazar.Web", "ClothBazar.Web\ClothBazar.Web.csproj", "{DC240CC7-2EBF-4742-83D0-ED8FF67ABFE0}"
EndProject
Project("{FAE04EC0-301F-11D3-BF4B-00C04F79EFBC}") = "ClothBazar.Entities", "ClothBazar.Entities\ClothBazar.Entities.csproj", "{B30F7BAE-9DB2-4226-9DEF-5F88EF47AB9A}"
EndProject
Project("{FAE04EC0-301F-11D3-BF4B-00C04F79EFBC}") = "ClothBazar.Database", "ClothBazar.Database\ClothBazar.Database.csproj", "{1E97574A-163E-4615-87CD-97261D7EE73E}"
EndProject
Global
	GlobalSection(SolutionConfigurationPlatforms) = preSolution
		Debug|Any CPU = Debug|Any CPU
		Release|Any CPU = Release|Any CPU
	EndGlobalSection
	GlobalSection(ProjectConfigurationPlatforms) = postSolution
		{DC240CC7-2EBF-4742-83D0-ED8FF67ABFE0}.Debug|Any CPU.ActiveCfg = Debug|Any CPU
		{DC240CC7-2EBF-4742-83D0-ED8FF67ABFE0}.Debug|Any CPU.Build.0 = Debug|Any CPU
		{DC240CC7-2EBF-4742-83D0-ED8FF67ABFE0}.Release|Any CPU.ActiveCfg = Release|Any CPU
		{DC240CC7-2EBF-4742-83D0-ED8FF67ABFE0}.Release|Any CPU.Build.0 = Release|Any CPU
		{B30F7BAE-9DB2-4226-9DEF-5F88EF47AB9A}.Debug|Any CPU.ActiveCfg = Debug|Any CPU
		{B30F7BAE-9DB2-4226-9DEF-5F88EF47AB9A}.Debug|Any CPU.Build.0 = Debug|Any CPU
		{B30F7BAE-9DB2-4226-9DEF-5F88EF47AB9A}.Release|Any CPU.ActiveCfg = Release|Any CPU
		{B30F7BAE-9DB2-4226-9DEF-5F88EF47AB9A}.Release|Any CPU.Build.0 = Release|Any CPU
		{1E97574A-163E-4615-87CD-97261D7EE73E}.Debug|Any CPU.ActiveCfg = Debug|Any CPU
		{1E97574A-163E-4615-87CD-97261D7EE73E}.Debug|Any CPU.Build.0 = Debug|Any CPU
		{1E97574A-163E-4615-87CD-97261D7EE73E}.Release|Any CPU.ActiveCfg = Release|Any CPU
		{1E97574A-163E-4615-87CD-97261D7EE73E}.Release|Any CPU.Build.0 = Release|Any CPU
	EndGlobalSection
	GlobalSection(SolutionProperties) = preSolution
		HideSolutionNode = FALSE
	EndGlobalSection
	GlobalSection(ExtensibilityGlobals) = postSolution
		SolutionGuid = {AADC1587-03DA-4CF1-80CD-0BCF66599763}
	EndGlobalSection
EndGlobal
